
Microsoft Visual Studio Solution File, Format Version 12.00
# Visual Studio Version 17
VisualStudioVersion = 17.8.34330.188
MinimumVisualStudioVersion = 10.0.40219.1
Project("{FAE04EC0-301F-11D3-BF4B-00C04F79EFBC}") = "MVCReactApp2.Server", "MVCReactApp2.Server\MVCReactApp2.Server.csproj", "{DDCA1E99-01FB-458F-ACE6-CAC52A739F4B}"
EndProject
Project("{54A90642-561A-4BB1-A94E-469ADEE60C69}") = "mvcreactapp2.client", "mvcreactapp2.client\mvcreactapp2.client.esproj", "{22F07040-7B14-4A88-9641-13220648E3DD}"
EndProject
Global
	GlobalSection(SolutionConfigurationPlatforms) = preSolution
		Debug|Any CPU = Debug|Any CPU
		Release|Any CPU = Release|Any CPU
	EndGlobalSection
	GlobalSection(ProjectConfigurationPlatforms) = postSolution
		{DDCA1E99-01FB-458F-ACE6-CAC52A739F4B}.Debug|Any CPU.ActiveCfg = Debug|Any CPU
		{DDCA1E99-01FB-458F-ACE6-CAC52A739F4B}.Debug|Any CPU.Build.0 = Debug|Any CPU
		{DDCA1E99-01FB-458F-ACE6-CAC52A739F4B}.Release|Any CPU.ActiveCfg = Release|Any CPU
		{DDCA1E99-01FB-458F-ACE6-CAC52A739F4B}.Release|Any CPU.Build.0 = Release|Any CPU
		{22F07040-7B14-4A88-9641-13220648E3DD}.Debug|Any CPU.ActiveCfg = Debug|Any CPU
		{22F07040-7B14-4A88-9641-13220648E3DD}.Debug|Any CPU.Build.0 = Debug|Any CPU
		{22F07040-7B14-4A88-9641-13220648E3DD}.Debug|Any CPU.Deploy.0 = Debug|Any CPU
		{22F07040-7B14-4A88-9641-13220648E3DD}.Release|Any CPU.ActiveCfg = Release|Any CPU
		{22F07040-7B14-4A88-9641-13220648E3DD}.Release|Any CPU.Build.0 = Release|Any CPU
		{22F07040-7B14-4A88-9641-13220648E3DD}.Release|Any CPU.Deploy.0 = Release|Any CPU
	EndGlobalSection
	GlobalSection(SolutionProperties) = preSolution
		HideSolutionNode = FALSE
	EndGlobalSection
	GlobalSection(ExtensibilityGlobals) = postSolution
		SolutionGuid = {297DB5D7-93B2-44FE-A08C-D97133866B19}
	EndGlobalSection
EndGlobal
